// !$*UTF8*$!
{
	archiveVersion = 1;
	classes = {
	};
	objectVersion = 55;
	objects = {

/* Begin PBXBuildFile section */
		323879D7274C5B380093F130 /* ResourcePath.mm in Sources */ = {isa = PBXBuildFile; fileRef = 323879D6274C5B380093F130 /* ResourcePath.mm */; };
		323879DA274C5B380093F130 /* main.cpp in Sources */ = {isa = PBXBuildFile; fileRef = 323879D9274C5B380093F130 /* main.cpp */; };
		323879EC274C5C290093F130 /* Game.cpp in Sources */ = {isa = PBXBuildFile; fileRef = 323879EB274C5C290093F130 /* Game.cpp */; };
		32C62009274C6A33003BD56A /* background-sea-00.png in Resources */ = {isa = PBXBuildFile; fileRef = 32C62008274C6A33003BD56A /* background-sea-00.png */; };
		32C6200B274C6A41003BD56A /* destroyer.png in Resources */ = {isa = PBXBuildFile; fileRef = 32C6200A274C6A41003BD56A /* destroyer.png */; };
		32C6200D274C6A52003BD56A /* submarine.jpg in Resources */ = {isa = PBXBuildFile; fileRef = 32C6200C274C6A52003BD56A /* submarine.jpg */; };
		32C62011274D6F8E003BD56A /* Entity.cpp in Sources */ = {isa = PBXBuildFile; fileRef = 32C6200F274D6F8E003BD56A /* Entity.cpp */; };
		32C62014274D700E003BD56A /* TileMap.cpp in Sources */ = {isa = PBXBuildFile; fileRef = 32C62012274D700E003BD56A /* TileMap.cpp */; };
		32C62016274D708C003BD56A /* tileset.png in Resources */ = {isa = PBXBuildFile; fileRef = 32C62015274D708C003BD56A /* tileset.png */; };
/* End PBXBuildFile section */

/* Begin PBXFileReference section */
		323879D1274C5B380093F130 /* sfml-snake.app */ = {isa = PBXFileReference; explicitFileType = wrapper.application; includeInIndex = 0; path = "sfml-snake.app"; sourceTree = BUILT_PRODUCTS_DIR; };
		323879D5274C5B380093F130 /* sfml-snake-Info.plist */ = {isa = PBXFileReference; lastKnownFileType = text.plist.xml; name = "sfml-snake-Info.plist"; path = "../sfml-snake-Info.plist"; sourceTree = "<group>"; };
		323879D6274C5B380093F130 /* ResourcePath.mm */ = {isa = PBXFileReference; lastKnownFileType = sourcecode.cpp.objcpp; path = ResourcePath.mm; sourceTree = "<group>"; };
		323879D8274C5B380093F130 /* ResourcePath.hpp */ = {isa = PBXFileReference; lastKnownFileType = sourcecode.cpp.h; path = ResourcePath.hpp; sourceTree = "<group>"; };
		323879D9274C5B380093F130 /* main.cpp */ = {isa = PBXFileReference; lastKnownFileType = sourcecode.cpp.cpp; path = main.cpp; sourceTree = "<group>"; };
		323879E9274C5BC40093F130 /* FileLogger.hpp */ = {isa = PBXFileReference; lastKnownFileType = sourcecode.cpp.h; path = FileLogger.hpp; sourceTree = "<group>"; };
		323879EA274C5C0C0093F130 /* Game.hpp */ = {isa = PBXFileReference; lastKnownFileType = sourcecode.cpp.h; path = Game.hpp; sourceTree = "<group>"; };
		323879EB274C5C290093F130 /* Game.cpp */ = {isa = PBXFileReference; lastKnownFileType = sourcecode.cpp.cpp; path = Game.cpp; sourceTree = "<group>"; };
		32C62008274C6A33003BD56A /* background-sea-00.png */ = {isa = PBXFileReference; lastKnownFileType = image.png; path = "background-sea-00.png"; sourceTree = "<group>"; };
		32C6200A274C6A41003BD56A /* destroyer.png */ = {isa = PBXFileReference; lastKnownFileType = image.png; path = destroyer.png; sourceTree = "<group>"; };
		32C6200C274C6A52003BD56A /* submarine.jpg */ = {isa = PBXFileReference; lastKnownFileType = image.jpeg; path = submarine.jpg; sourceTree = "<group>"; };
		32C6200F274D6F8E003BD56A /* Entity.cpp */ = {isa = PBXFileReference; lastKnownFileType = sourcecode.cpp.cpp; path = Entity.cpp; sourceTree = "<group>"; };
		32C62010274D6F8E003BD56A /* Entity.hpp */ = {isa = PBXFileReference; lastKnownFileType = sourcecode.cpp.h; path = Entity.hpp; sourceTree = "<group>"; };
		32C62012274D700E003BD56A /* TileMap.cpp */ = {isa = PBXFileReference; lastKnownFileType = sourcecode.cpp.cpp; path = TileMap.cpp; sourceTree = "<group>"; };
		32C62013274D700E003BD56A /* TileMap.hpp */ = {isa = PBXFileReference; lastKnownFileType = sourcecode.cpp.h; path = TileMap.hpp; sourceTree = "<group>"; };
		32C62015274D708C003BD56A /* tileset.png */ = {isa = PBXFileReference; lastKnownFileType = image.png; path = tileset.png; sourceTree = "<group>"; };
		32C62021274DABA6003BD56A /* sansation.ttf */ = {isa = PBXFileReference; lastKnownFileType = file; name = sansation.ttf; path = ../../../../sansation.ttf; sourceTree = "<group>"; };
		32C62022274DABBD003BD56A /* icon.png */ = {isa = PBXFileReference; lastKnownFileType = image.png; name = icon.png; path = ../../../../icon.png; sourceTree = "<group>"; };
		32C62026274DABDA003BD56A /* nice_music.ogg */ = {isa = PBXFileReference; lastKnownFileType = file; name = nice_music.ogg; path = ../../../../nice_music.ogg; sourceTree = "<group>"; };
		32C62028274DABF1003BD56A /* icon.png */ = {isa = PBXFileReference; lastKnownFileType = image.png; name = icon.png; path = ../../../../icon.png; sourceTree = "<group>"; };
/* End PBXFileReference section */

/* Begin PBXFrameworksBuildPhase section */
		323879CD274C5B380093F130 /* Frameworks */ = {
			isa = PBXFrameworksBuildPhase;
			buildActionMask = 2147483647;
			files = (
			);
			runOnlyForDeploymentPostprocessing = 0;
		};
/* End PBXFrameworksBuildPhase section */

/* Begin PBXGroup section */
		323879C7274C5B380093F130 = {
			isa = PBXGroup;
			children = (
				323879D3274C5B380093F130 /* sfml-snake */,
				323879D2274C5B380093F130 /* Products */,
			);
			sourceTree = "<group>";
		};
		323879D2274C5B380093F130 /* Products */ = {
			isa = PBXGroup;
			children = (
				323879D1274C5B380093F130 /* sfml-snake.app */,
			);
			name = Products;
			sourceTree = "<group>";
		};
		323879D3274C5B380093F130 /* sfml-snake */ = {
			isa = PBXGroup;
			children = (
				323879DB274C5B380093F130 /* Resources */,
				32C62017274DA82B003BD56A /* src */,
			);
			path = "sfml-snake";
			sourceTree = "<group>";
		};
		323879D4274C5B380093F130 /* Supporting Files */ = {
			isa = PBXGroup;
			children = (
				323879D5274C5B380093F130 /* sfml-snake-Info.plist */,
			);
			path = "Supporting Files";
			sourceTree = "<group>";
		};
		323879DB274C5B380093F130 /* Resources */ = {
			isa = PBXGroup;
			children = (
				32C62007274C6A04003BD56A /* Graphics */,
				323879D4274C5B380093F130 /* Supporting Files */,
				32C62025274DABDA003BD56A /* Sound */,
				32C62020274DABA6003BD56A /* Fonts */,
				32C62027274DABF1003BD56A /* Icons */,
			);
			path = Resources;
			sourceTree = "<group>";
		};
		32C62007274C6A04003BD56A /* Graphics */ = {
			isa = PBXGroup;
			children = (
				32C62022274DABBD003BD56A /* icon.png */,
				32C62015274D708C003BD56A /* tileset.png */,
				32C6200C274C6A52003BD56A /* submarine.jpg */,
				32C62008274C6A33003BD56A /* background-sea-00.png */,
				32C6200A274C6A41003BD56A /* destroyer.png */,
			);
			path = Graphics;
			sourceTree = "<group>";
		};
		32C62017274DA82B003BD56A /* src */ = {
			isa = PBXGroup;
			children = (
				32C6201B274DA93A003BD56A /* game */,
				32C6201A274DA925003BD56A /* core */,
				32C62019274DA914003BD56A /* tiles */,
				32C62018274DA8B1003BD56A /* utils */,
				323879D9274C5B380093F130 /* main.cpp */,
			);
			path = src;
			sourceTree = "<group>";
		};
		32C62018274DA8B1003BD56A /* utils */ = {
			isa = PBXGroup;
			children = (
				323879D6274C5B380093F130 /* ResourcePath.mm */,
				323879D8274C5B380093F130 /* ResourcePath.hpp */,
				323879E9274C5BC40093F130 /* FileLogger.hpp */,
			);
			path = utils;
			sourceTree = "<group>";
		};
		32C62019274DA914003BD56A /* tiles */ = {
			isa = PBXGroup;
			children = (
				32C62012274D700E003BD56A /* TileMap.cpp */,
				32C62013274D700E003BD56A /* TileMap.hpp */,
			);
			path = tiles;
			sourceTree = "<group>";
		};
		32C6201A274DA925003BD56A /* core */ = {
			isa = PBXGroup;
			children = (
				32C6200F274D6F8E003BD56A /* Entity.cpp */,
				32C62010274D6F8E003BD56A /* Entity.hpp */,
			);
			path = core;
			sourceTree = "<group>";
		};
		32C6201B274DA93A003BD56A /* game */ = {
			isa = PBXGroup;
			children = (
				323879EB274C5C290093F130 /* Game.cpp */,
				323879EA274C5C0C0093F130 /* Game.hpp */,
			);
			path = game;
			sourceTree = "<group>";
		};
		32C62020274DABA6003BD56A /* Fonts */ = {
			isa = PBXGroup;
			children = (
				32C62021274DABA6003BD56A /* sansation.ttf */,
			);
			path = Fonts;
			sourceTree = "<group>";
		};
		32C62025274DABDA003BD56A /* Sound */ = {
			isa = PBXGroup;
			children = (
				32C62026274DABDA003BD56A /* nice_music.ogg */,
			);
			path = Sound;
			sourceTree = "<group>";
		};
		32C62027274DABF1003BD56A /* Icons */ = {
			isa = PBXGroup;
			children = (
				32C62028274DABF1003BD56A /* icon.png */,
			);
			path = Icons;
			sourceTree = "<group>";
		};
/* End PBXGroup section */

/* Begin PBXNativeTarget section */
		323879D0274C5B380093F130 /* sfml-snake */ = {
			isa = PBXNativeTarget;
			buildConfigurationList = 323879E6274C5B380093F130 /* Build configuration list for PBXNativeTarget "sfml-snake" */;
			buildPhases = (
				323879CC274C5B380093F130 /* Sources */,
				323879CD274C5B380093F130 /* Frameworks */,
				323879CE274C5B380093F130 /* Resources */,
				323879CF274C5B380093F130 /* ShellScript */,
			);
			buildRules = (
			);
			dependencies = (
			);
			name = "sfml-snake";
			productName = "sfml-snake";
			productReference = 323879D1274C5B380093F130 /* sfml-snake.app */;
			productType = "com.apple.product-type.application";
		};
/* End PBXNativeTarget section */

/* Begin PBXProject section */
		323879C8274C5B380093F130 /* Project object */ = {
			isa = PBXProject;
			attributes = {
				BuildIndependentTargetsInParallel = 1;
				LastUpgradeCheck = 1310;
				ORGANIZATIONNAME = armaril;
				TargetAttributes = {
					323879D0274C5B380093F130 = {
						CreatedOnToolsVersion = 13.0;
					};
				};
			};
			buildConfigurationList = 323879CB274C5B380093F130 /* Build configuration list for PBXProject "sfml-snake" */;
			compatibilityVersion = "Xcode 13.0";
			developmentRegion = en;
			hasScannedForEncodings = 0;
			knownRegions = (
				en,
				Base,
			);
			mainGroup = 323879C7274C5B380093F130;
			productRefGroup = 323879D2274C5B380093F130 /* Products */;
			projectDirPath = "";
			projectRoot = "";
			targets = (
				323879D0274C5B380093F130 /* sfml-snake */,
			);
		};
/* End PBXProject section */

/* Begin PBXResourcesBuildPhase section */
		323879CE274C5B380093F130 /* Resources */ = {
			isa = PBXResourcesBuildPhase;
			buildActionMask = 2147483647;
			files = (
				32C6200B274C6A41003BD56A /* destroyer.png in Resources */,
				32C6200D274C6A52003BD56A /* submarine.jpg in Resources */,
				32C62016274D708C003BD56A /* tileset.png in Resources */,
				32C62009274C6A33003BD56A /* background-sea-00.png in Resources */,
			);
			runOnlyForDeploymentPostprocessing = 0;
		};
/* End PBXResourcesBuildPhase section */

/* Begin PBXShellScriptBuildPhase section */
		323879CF274C5B380093F130 /* ShellScript */ = {
			isa = PBXShellScriptBuildPhase;
			buildActionMask = 8;
			files = (
			);
			inputFileListPaths = (
			);
			inputPaths = (
			);
			outputFileListPaths = (
			);
			outputPaths = (
			);
			runOnlyForDeploymentPostprocessing = 1;
			shellPath = /bin/sh;
			shellScript = "# This shell script simply copies required SFML dylibs/frameworks into the application bundle frameworks folder.\n# If you're using static libraries (which is not recommended) you should remove this script from your project.\n\n# SETTINGS\nSFML_DEPENDENCIES_INSTALL_PREFIX=\"/Users/SFML/Desktop/packaging/tmp/install/Library/Frameworks\"\nCMAKE_INSTALL_FRAMEWORK_PREFIX=\"/Users/SFML/Desktop/packaging/tmp/install/Library/Frameworks\"\nCMAKE_INSTALL_LIB_PREFIX=\"/Users/SFML/Desktop/packaging/tmp/install/Library/Frameworks/lib\"\nFRAMEWORKS_FULL_PATH=\"$BUILT_PRODUCTS_DIR/$FRAMEWORKS_FOLDER_PATH/\"\n\n# Are we building a project that uses frameworks or dylibs?\ncase \"$SFML_BINARY_TYPE\" in\n    DYLIBS)\n        frameworks=\"false\"\n        ;;\n    *)\n        frameworks=\"true\"\n        ;;\nesac\n\n# Echoes to stderr\nerror () # $* message to display\n{\n    echo $* 1>&2\n    exit 2\n}\n\nassert () # $1 is a boolean, $2...N is an error message\n{\n    if [ $# -lt 2 ]\n    then\n        error \"Internal error in assert: not enough args\"\n    fi\n\n    if [ $1 -ne 0 ]\n    then\n        shift\n        error \"$*\"\n    fi\n}\n\nforce_remove () # $@ is some paths\n{\n    test $# -ge 1\n    assert $? \"force_remove() requires at least one parameter\"\n    rm -fr $@\n    assert $? \"couldn't remove $@\"\n}\n\ncopy () # $1 is a source, $2 is a destination\n{\n    test $# -eq 2\n    assert $? \"copy() requires two parameters\"\n    ditto \"$1\" \"$2\"\n    assert $? \"couldn't copy $1 to $2\"\n}\n\nrequire () # $1 is a SFML module like 'system' or 'audio'\n{\n    dest=\"$BUILT_PRODUCTS_DIR/$FRAMEWORKS_FOLDER_PATH/\"\n\n    if [ -z \"$1\" ]\n    then\n        error \"require() requires one parameter!\"\n    else\n        # clean potentially old stuff\n        force_remove \"$dest/libsfml-$1\"*\n        force_remove \"$dest/sfml-$1.framework\"\n\n        # copy SFML libraries\n        if [ \"$frameworks\" = \"true\" ]\n        then\n            source=\"$CMAKE_INSTALL_FRAMEWORK_PREFIX/sfml-$1.framework\"\n            target=\"sfml-$1.framework\"\n        elif [ \"$SFML_LINK_DYLIBS_SUFFIX\" = \"-d\" ]\n        then\n            source=\"$CMAKE_INSTALL_LIB_PREFIX/libsfml-$1-d.dylib\"\n            target=\"`readlink $source`\"\n        else\n            source=\"$CMAKE_INSTALL_LIB_PREFIX/libsfml-$1.dylib\"\n            target=\"`readlink $source`\"\n        fi\n\n        copy \"$source\" \"$dest/$target\"\n\n        # copy extra dependencies\n        if [ \"$1\" = \"audio\" ]\n        then\n            # copy \"FLAC\" \"ogg\" \"vorbis\" \"vorbisenc\" \"vorbisfile\" \"OpenAL\" frameworks too\n            for f in \"FLAC\" \"ogg\" \"vorbis\" \"vorbisenc\" \"vorbisfile\" \"OpenAL\"\n            do\n                copy \"$SFML_DEPENDENCIES_INSTALL_PREFIX/$f.framework\" \"$dest/$f.framework\"\n            done\n        elif [ \"$1\" = \"graphics\" ]\n        then\n            copy \"$SFML_DEPENDENCIES_INSTALL_PREFIX/freetype.framework\" \"$dest/freetype.framework\"\n        fi\n    fi\n}\n\nif [ -n \"$SFML_SYSTEM\" ]\nthen\n    require \"system\"\nfi\n\nif [ -n \"$SFML_AUDIO\" ]\nthen\n    require \"audio\"\nfi\n\nif [ -n \"$SFML_NETWORK\" ]\nthen\n    require \"network\"\nfi\n\nif [ -n \"$SFML_WINDOW\" ]\nthen\n    require \"window\"\nfi\n\nif [ -n \"$SFML_GRAPHICS\" ]\nthen\n    require \"graphics\"\nfi\n\n                \n";
		};
/* End PBXShellScriptBuildPhase section */

/* Begin PBXSourcesBuildPhase section */
		323879CC274C5B380093F130 /* Sources */ = {
			isa = PBXSourcesBuildPhase;
			buildActionMask = 2147483647;
			files = (
				32C62011274D6F8E003BD56A /* Entity.cpp in Sources */,
				323879EC274C5C290093F130 /* Game.cpp in Sources */,
				323879DA274C5B380093F130 /* main.cpp in Sources */,
				32C62014274D700E003BD56A /* TileMap.cpp in Sources */,
				323879D7274C5B380093F130 /* ResourcePath.mm in Sources */,
			);
			runOnlyForDeploymentPostprocessing = 0;
		};
/* End PBXSourcesBuildPhase section */

/* Begin XCBuildConfiguration section */
		323879E4274C5B380093F130 /* Debug */ = {
			isa = XCBuildConfiguration;
			buildSettings = {
				CLANG_CXX_LANGUAGE_STANDARD = "c++11";
				CLANG_CXX_LIBRARY = "libc++";
				CLANG_WARN_BLOCK_CAPTURE_AUTORELEASING = YES;
				CLANG_WARN_BOOL_CONVERSION = YES;
				CLANG_WARN_COMMA = YES;
				CLANG_WARN_CONSTANT_CONVERSION = YES;
				CLANG_WARN_DEPRECATED_OBJC_IMPLEMENTATIONS = YES;
				CLANG_WARN_EMPTY_BODY = YES;
				CLANG_WARN_ENUM_CONVERSION = YES;
				CLANG_WARN_INFINITE_RECURSION = YES;
				CLANG_WARN_INT_CONVERSION = YES;
				CLANG_WARN_NON_LITERAL_NULL_CONVERSION = YES;
				CLANG_WARN_OBJC_IMPLICIT_RETAIN_SELF = YES;
				CLANG_WARN_OBJC_LITERAL_CONVERSION = YES;
				CLANG_WARN_QUOTED_INCLUDE_IN_FRAMEWORK_HEADER = YES;
				CLANG_WARN_RANGE_LOOP_ANALYSIS = YES;
				CLANG_WARN_STRICT_PROTOTYPES = YES;
				CLANG_WARN_SUSPICIOUS_MOVE = YES;
				CLANG_WARN_UNREACHABLE_CODE = YES;
				CLANG_WARN__DUPLICATE_METHOD_MATCH = YES;
				ENABLE_STRICT_OBJC_MSGSEND = YES;
				ENABLE_TESTABILITY = YES;
				FRAMEWORK_SEARCH_PATHS = (
					/Library/Frameworks/,
					"$(inherited)",
				);
				GCC_NO_COMMON_BLOCKS = YES;
				GCC_VERSION = com.apple.compilers.llvm.clang.1_0;
				GCC_WARN_64_TO_32_BIT_CONVERSION = YES;
				GCC_WARN_ABOUT_RETURN_TYPE = YES;
				GCC_WARN_UNDECLARED_SELECTOR = YES;
				GCC_WARN_UNINITIALIZED_AUTOS = YES;
				GCC_WARN_UNUSED_FUNCTION = YES;
				GCC_WARN_UNUSED_VARIABLE = YES;
				HEADER_SEARCH_PATHS = (
					/usr/local/include/,
					"$(inherited)",
				);
				LIBRARY_SEARCH_PATHS = (
					/usr/local/lib/,
					"$(inherited)",
				);
				MACOSX_DEPLOYMENT_TARGET = 10.7;
				ONLY_ACTIVE_ARCH = YES;
				OTHER_LDFLAGS = (
					"$(inherited)",
					"$(SFML_SYSTEM)",
					"$(SFML_WINDOW)",
					"$(SFML_GRAPHICS)",
					"$(SFML_AUDIO)",
					"$(SFML_NETWORK)",
				);
				SFML_AUDIO = "$(SFML_LINK_PREFIX) sfml-audio$(SFML_LINK_SUFFIX)";
				SFML_BINARY_TYPE = FRAMEWORKS;
				SFML_GRAPHICS = "$(SFML_LINK_PREFIX) sfml-graphics$(SFML_LINK_SUFFIX)";
				SFML_LINK_DYLIBS_PREFIX = "-l";
				SFML_LINK_DYLIBS_SUFFIX = "";
				SFML_LINK_FRAMEWORKS_PREFIX = "-framework";
				SFML_LINK_FRAMEWORKS_SUFFIX = "";
				SFML_LINK_PREFIX = "$(SFML_LINK_$(SFML_BINARY_TYPE)_PREFIX)";
				SFML_LINK_SUFFIX = "$(SFML_LINK_$(SFML_BINARY_TYPE)_SUFFIX)";
				SFML_NETWORK = "$(SFML_LINK_PREFIX) sfml-network$(SFML_LINK_SUFFIX)";
				SFML_SYSTEM = "$(SFML_LINK_PREFIX) sfml-system$(SFML_LINK_SUFFIX)";
				SFML_WINDOW = "$(SFML_LINK_PREFIX) sfml-window$(SFML_LINK_SUFFIX)";
				SUPPORTED_PLATFORMS = macosx;
			};
			name = Debug;
		};
		323879E5274C5B380093F130 /* Release */ = {
			isa = XCBuildConfiguration;
			buildSettings = {
				CLANG_CXX_LANGUAGE_STANDARD = "c++11";
				CLANG_CXX_LIBRARY = "libc++";
				CLANG_WARN_BLOCK_CAPTURE_AUTORELEASING = YES;
				CLANG_WARN_BOOL_CONVERSION = YES;
				CLANG_WARN_COMMA = YES;
				CLANG_WARN_CONSTANT_CONVERSION = YES;
				CLANG_WARN_DEPRECATED_OBJC_IMPLEMENTATIONS = YES;
				CLANG_WARN_EMPTY_BODY = YES;
				CLANG_WARN_ENUM_CONVERSION = YES;
				CLANG_WARN_INFINITE_RECURSION = YES;
				CLANG_WARN_INT_CONVERSION = YES;
				CLANG_WARN_NON_LITERAL_NULL_CONVERSION = YES;
				CLANG_WARN_OBJC_IMPLICIT_RETAIN_SELF = YES;
				CLANG_WARN_OBJC_LITERAL_CONVERSION = YES;
				CLANG_WARN_QUOTED_INCLUDE_IN_FRAMEWORK_HEADER = YES;
				CLANG_WARN_RANGE_LOOP_ANALYSIS = YES;
				CLANG_WARN_STRICT_PROTOTYPES = YES;
				CLANG_WARN_SUSPICIOUS_MOVE = YES;
				CLANG_WARN_UNREACHABLE_CODE = YES;
				CLANG_WARN__DUPLICATE_METHOD_MATCH = YES;
				ENABLE_STRICT_OBJC_MSGSEND = YES;
				FRAMEWORK_SEARCH_PATHS = (
					/Library/Frameworks/,
					"$(inherited)",
				);
				GCC_NO_COMMON_BLOCKS = YES;
				GCC_VERSION = com.apple.compilers.llvm.clang.1_0;
				GCC_WARN_64_TO_32_BIT_CONVERSION = YES;
				GCC_WARN_ABOUT_RETURN_TYPE = YES;
				GCC_WARN_UNDECLARED_SELECTOR = YES;
				GCC_WARN_UNINITIALIZED_AUTOS = YES;
				GCC_WARN_UNUSED_FUNCTION = YES;
				GCC_WARN_UNUSED_VARIABLE = YES;
				HEADER_SEARCH_PATHS = (
					/usr/local/include/,
					"$(inherited)",
				);
				LIBRARY_SEARCH_PATHS = (
					/usr/local/lib/,
					"$(inherited)",
				);
				MACOSX_DEPLOYMENT_TARGET = 10.7;
				OTHER_LDFLAGS = (
					"$(inherited)",
					"$(SFML_SYSTEM)",
					"$(SFML_WINDOW)",
					"$(SFML_GRAPHICS)",
					"$(SFML_AUDIO)",
					"$(SFML_NETWORK)",
				);
				SFML_AUDIO = "$(SFML_LINK_PREFIX) sfml-audio$(SFML_LINK_SUFFIX)";
				SFML_BINARY_TYPE = FRAMEWORKS;
				SFML_GRAPHICS = "$(SFML_LINK_PREFIX) sfml-graphics$(SFML_LINK_SUFFIX)";
				SFML_LINK_DYLIBS_PREFIX = "-l";
				SFML_LINK_DYLIBS_SUFFIX = "";
				SFML_LINK_FRAMEWORKS_PREFIX = "-framework";
				SFML_LINK_FRAMEWORKS_SUFFIX = "";
				SFML_LINK_PREFIX = "$(SFML_LINK_$(SFML_BINARY_TYPE)_PREFIX)";
				SFML_LINK_SUFFIX = "$(SFML_LINK_$(SFML_BINARY_TYPE)_SUFFIX)";
				SFML_NETWORK = "$(SFML_LINK_PREFIX) sfml-network$(SFML_LINK_SUFFIX)";
				SFML_SYSTEM = "$(SFML_LINK_PREFIX) sfml-system$(SFML_LINK_SUFFIX)";
				SFML_WINDOW = "$(SFML_LINK_PREFIX) sfml-window$(SFML_LINK_SUFFIX)";
				SUPPORTED_PLATFORMS = macosx;
			};
			name = Release;
		};
		323879E7274C5B380093F130 /* Debug */ = {
			isa = XCBuildConfiguration;
			buildSettings = {
				ALWAYS_SEARCH_USER_PATHS = NO;
				CLANG_ENABLE_OBJC_WEAK = YES;
				CODE_SIGN_IDENTITY = "-";
				CODE_SIGN_STYLE = Automatic;
				INFOPLIST_FILE = "sfml-snake/sfml-snake-Info.plist";
				LD_RUNPATH_SEARCH_PATHS = "@loader_path/../Frameworks";
				MACOSX_DEPLOYMENT_TARGET = 10.9;
				PRODUCT_BUNDLE_IDENTIFIER = "";
				PRODUCT_NAME = "$(TARGET_NAME)";
			};
			name = Debug;
		};
		323879E8274C5B380093F130 /* Release */ = {
			isa = XCBuildConfiguration;
			buildSettings = {
				ALWAYS_SEARCH_USER_PATHS = NO;
				CLANG_ENABLE_OBJC_WEAK = YES;
				CODE_SIGN_IDENTITY = "-";
				CODE_SIGN_STYLE = Automatic;
				INFOPLIST_FILE = "sfml-snake/sfml-snake-Info.plist";
				LD_RUNPATH_SEARCH_PATHS = "@loader_path/../Frameworks";
				MACOSX_DEPLOYMENT_TARGET = 10.9;
				PRODUCT_BUNDLE_IDENTIFIER = "";
				PRODUCT_NAME = "$(TARGET_NAME)";
			};
			name = Release;
		};
/* End XCBuildConfiguration section */

/* Begin XCConfigurationList section */
		323879CB274C5B380093F130 /* Build configuration list for PBXProject "sfml-snake" */ = {
			isa = XCConfigurationList;
			buildConfigurations = (
				323879E4274C5B380093F130 /* Debug */,
				323879E5274C5B380093F130 /* Release */,
			);
			defaultConfigurationIsVisible = 0;
			defaultConfigurationName = Release;
		};
		323879E6274C5B380093F130 /* Build configuration list for PBXNativeTarget "sfml-snake" */ = {
			isa = XCConfigurationList;
			buildConfigurations = (
				323879E7274C5B380093F130 /* Debug */,
				323879E8274C5B380093F130 /* Release */,
			);
			defaultConfigurationIsVisible = 0;
			defaultConfigurationName = Release;
		};
/* End XCConfigurationList section */
	};
	rootObject = 323879C8274C5B380093F130 /* Project object */;
}
